// !$*UTF8*$!
{
	archiveVersion = 1;
	classes = {
	};
	objectVersion = 46;
	objects = {

/* Begin PBXBuildFile section */
		708B1FAF1A949C7700807758 /* AppDelegate.swift in Sources */ = {isa = PBXBuildFile; fileRef = 708B1FAE1A949C7700807758 /* AppDelegate.swift */; };
		708B1FB21A949C7700807758 /* zenphoto.xcdatamodeld in Sources */ = {isa = PBXBuildFile; fileRef = 708B1FB01A949C7700807758 /* zenphoto.xcdatamodeld */; };
		708B1FB41A949C7700807758 /* ViewController.swift in Sources */ = {isa = PBXBuildFile; fileRef = 708B1FB31A949C7700807758 /* ViewController.swift */; };
		708B1FB71A949C7700807758 /* Main.storyboard in Resources */ = {isa = PBXBuildFile; fileRef = 708B1FB51A949C7700807758 /* Main.storyboard */; };
		708B1FB91A949C7700807758 /* Images.xcassets in Resources */ = {isa = PBXBuildFile; fileRef = 708B1FB81A949C7700807758 /* Images.xcassets */; };
		708B1FBC1A949C7700807758 /* LaunchScreen.xib in Resources */ = {isa = PBXBuildFile; fileRef = 708B1FBA1A949C7700807758 /* LaunchScreen.xib */; };
		708B1FC81A949C7800807758 /* zenphotoTests.swift in Sources */ = {isa = PBXBuildFile; fileRef = 708B1FC71A949C7800807758 /* zenphotoTests.swift */; };
		708B1FF11A949D5200807758 /* SwiftyJSON.swift in Sources */ = {isa = PBXBuildFile; fileRef = 708B1FF01A949D5200807758 /* SwiftyJSON.swift */; };
		708B1FF71A949D7100807758 /* Alamofire.framework in Copy Frameworks */ = {isa = PBXBuildFile; fileRef = 708B1FDC1A949D3E00807758 /* Alamofire.framework */; settings = {ATTRIBUTES = (CodeSignOnCopy, RemoveHeadersOnCopy, ); }; };
		708B1FF81A949D7100807758 /* Haneke.framework in Copy Frameworks */ = {isa = PBXBuildFile; fileRef = 708B1FEB1A949D4600807758 /* Haneke.framework */; settings = {ATTRIBUTES = (CodeSignOnCopy, RemoveHeadersOnCopy, ); }; };
		708B1FFA1A949F3F00807758 /* AlbumListViewController.swift in Sources */ = {isa = PBXBuildFile; fileRef = 708B1FF91A949F3F00807758 /* AlbumListViewController.swift */; };
		708B1FFC1A949FA100807758 /* AlbumListViewCell.swift in Sources */ = {isa = PBXBuildFile; fileRef = 708B1FFB1A949FA100807758 /* AlbumListViewCell.swift */; };
		708B1FFE1A94A07400807758 /* ImageListViewController.swift in Sources */ = {isa = PBXBuildFile; fileRef = 708B1FFD1A94A07400807758 /* ImageListViewController.swift */; };
		708B20001A94A11C00807758 /* ImagePageViewController.swift in Sources */ = {isa = PBXBuildFile; fileRef = 708B1FFF1A94A11C00807758 /* ImagePageViewController.swift */; };
		708B20021A94A19700807758 /* ImageViewController.swift in Sources */ = {isa = PBXBuildFile; fileRef = 708B20011A94A19700807758 /* ImageViewController.swift */; };
		708B20041A94A1E900807758 /* SettingsViewController.swift in Sources */ = {isa = PBXBuildFile; fileRef = 708B20031A94A1E900807758 /* SettingsViewController.swift */; };
		708B20061A94A22700807758 /* Functions.swift in Sources */ = {isa = PBXBuildFile; fileRef = 708B20051A94A22700807758 /* Functions.swift */; };
		708B20081A94A25600807758 /* UIImage+Cropping.swift in Sources */ = {isa = PBXBuildFile; fileRef = 708B20071A94A25600807758 /* UIImage+Cropping.swift */; };
/* End PBXBuildFile section */

/* Begin PBXContainerItemProxy section */
		708B1FC21A949C7800807758 /* PBXContainerItemProxy */ = {
			isa = PBXContainerItemProxy;
			containerPortal = 708B1FA11A949C7700807758 /* Project object */;
			proxyType = 1;
			remoteGlobalIDString = 708B1FA81A949C7700807758;
			remoteInfo = zenphoto;
		};
		708B1FDB1A949D3E00807758 /* PBXContainerItemProxy */ = {
			isa = PBXContainerItemProxy;
			containerPortal = 708B1FD41A949D3E00807758 /* Alamofire.xcodeproj */;
			proxyType = 2;
			remoteGlobalIDString = F8111E3319A95C8B0040E7D1;
			remoteInfo = "Alamofire iOS";
		};
		708B1FDD1A949D3E00807758 /* PBXContainerItemProxy */ = {
			isa = PBXContainerItemProxy;
			containerPortal = 708B1FD41A949D3E00807758 /* Alamofire.xcodeproj */;
			proxyType = 2;
			remoteGlobalIDString = 4DD67C0B1A5C55C900ED2280;
			remoteInfo = "Alamofire OSX";
		};
		708B1FDF1A949D3E00807758 /* PBXContainerItemProxy */ = {
			isa = PBXContainerItemProxy;
			containerPortal = 708B1FD41A949D3E00807758 /* Alamofire.xcodeproj */;
			proxyType = 2;
			remoteGlobalIDString = F8111E3E19A95C8B0040E7D1;
			remoteInfo = "Alamofire iOS Tests";
		};
		708B1FE11A949D3E00807758 /* PBXContainerItemProxy */ = {
			isa = PBXContainerItemProxy;
			containerPortal = 708B1FD41A949D3E00807758 /* Alamofire.xcodeproj */;
			proxyType = 2;
			remoteGlobalIDString = F829C6B21A7A94F100A2CD59;
			remoteInfo = "Alamofire OSX Tests";
		};
		708B1FEA1A949D4600807758 /* PBXContainerItemProxy */ = {
			isa = PBXContainerItemProxy;
			containerPortal = 708B1FE31A949D4600807758 /* Haneke.xcodeproj */;
			proxyType = 2;
			remoteGlobalIDString = A095C9561980418C00CD0F4C;
			remoteInfo = Haneke;
		};
		708B1FEC1A949D4600807758 /* PBXContainerItemProxy */ = {
			isa = PBXContainerItemProxy;
			containerPortal = 708B1FE31A949D4600807758 /* Haneke.xcodeproj */;
			proxyType = 2;
			remoteGlobalIDString = A095C9611980418C00CD0F4C;
			remoteInfo = HanekeTests;
		};
		708B1FEE1A949D4600807758 /* PBXContainerItemProxy */ = {
			isa = PBXContainerItemProxy;
			containerPortal = 708B1FE31A949D4600807758 /* Haneke.xcodeproj */;
			proxyType = 2;
			remoteGlobalIDString = A0026E9A19C9BFBC004DE0C6;
			remoteInfo = HanekeDemo;
		};
		708B1FF21A949D5E00807758 /* PBXContainerItemProxy */ = {
			isa = PBXContainerItemProxy;
			containerPortal = 708B1FD41A949D3E00807758 /* Alamofire.xcodeproj */;
			proxyType = 1;
			remoteGlobalIDString = F8111E3219A95C8B0040E7D1;
			remoteInfo = "Alamofire iOS";
		};
		708B1FF41A949D5E00807758 /* PBXContainerItemProxy */ = {
			isa = PBXContainerItemProxy;
			containerPortal = 708B1FE31A949D4600807758 /* Haneke.xcodeproj */;
			proxyType = 1;
			remoteGlobalIDString = A095C9551980418C00CD0F4C;
			remoteInfo = Haneke;
		};
/* End PBXContainerItemProxy section */

/* Begin PBXCopyFilesBuildPhase section */
		708B1FF61A949D6200807758 /* Copy Frameworks */ = {
			isa = PBXCopyFilesBuildPhase;
			buildActionMask = 2147483647;
			dstPath = "";
			dstSubfolderSpec = 10;
			files = (
				708B1FF71A949D7100807758 /* Alamofire.framework in Copy Frameworks */,
				708B1FF81A949D7100807758 /* Haneke.framework in Copy Frameworks */,
			);
			name = "Copy Frameworks";
			runOnlyForDeploymentPostprocessing = 0;
		};
/* End PBXCopyFilesBuildPhase section */

/* Begin PBXFileReference section */
		708B1FA91A949C7700807758 /* zenphoto.app */ = {isa = PBXFileReference; explicitFileType = wrapper.application; includeInIndex = 0; path = zenphoto.app; sourceTree = BUILT_PRODUCTS_DIR; };
		708B1FAD1A949C7700807758 /* Info.plist */ = {isa = PBXFileReference; lastKnownFileType = text.plist.xml; path = Info.plist; sourceTree = "<group>"; };
		708B1FAE1A949C7700807758 /* AppDelegate.swift */ = {isa = PBXFileReference; lastKnownFileType = sourcecode.swift; path = AppDelegate.swift; sourceTree = "<group>"; };
		708B1FB11A949C7700807758 /* zenphoto.xcdatamodel */ = {isa = PBXFileReference; lastKnownFileType = wrapper.xcdatamodel; path = zenphoto.xcdatamodel; sourceTree = "<group>"; };
		708B1FB31A949C7700807758 /* ViewController.swift */ = {isa = PBXFileReference; lastKnownFileType = sourcecode.swift; path = ViewController.swift; sourceTree = "<group>"; };
		708B1FB61A949C7700807758 /* Base */ = {isa = PBXFileReference; lastKnownFileType = file.storyboard; name = Base; path = Base.lproj/Main.storyboard; sourceTree = "<group>"; };
		708B1FB81A949C7700807758 /* Images.xcassets */ = {isa = PBXFileReference; lastKnownFileType = folder.assetcatalog; path = Images.xcassets; sourceTree = "<group>"; };
		708B1FBB1A949C7700807758 /* Base */ = {isa = PBXFileReference; lastKnownFileType = file.xib; name = Base; path = Base.lproj/LaunchScreen.xib; sourceTree = "<group>"; };
		708B1FC11A949C7800807758 /* zenphotoTests.xctest */ = {isa = PBXFileReference; explicitFileType = wrapper.cfbundle; includeInIndex = 0; path = zenphotoTests.xctest; sourceTree = BUILT_PRODUCTS_DIR; };
		708B1FC61A949C7800807758 /* Info.plist */ = {isa = PBXFileReference; lastKnownFileType = text.plist.xml; path = Info.plist; sourceTree = "<group>"; };
		708B1FC71A949C7800807758 /* zenphotoTests.swift */ = {isa = PBXFileReference; lastKnownFileType = sourcecode.swift; path = zenphotoTests.swift; sourceTree = "<group>"; };
		708B1FD41A949D3E00807758 /* Alamofire.xcodeproj */ = {isa = PBXFileReference; lastKnownFileType = "wrapper.pb-project"; name = Alamofire.xcodeproj; path = Alamofire/Alamofire.xcodeproj; sourceTree = SOURCE_ROOT; };
		708B1FE31A949D4600807758 /* Haneke.xcodeproj */ = {isa = PBXFileReference; lastKnownFileType = "wrapper.pb-project"; name = Haneke.xcodeproj; path = HanekeSwift/Haneke.xcodeproj; sourceTree = SOURCE_ROOT; };
		708B1FF01A949D5200807758 /* SwiftyJSON.swift */ = {isa = PBXFileReference; fileEncoding = 4; lastKnownFileType = sourcecode.swift; path = SwiftyJSON.swift; sourceTree = "<group>"; };
		708B1FF91A949F3F00807758 /* AlbumListViewController.swift */ = {isa = PBXFileReference; fileEncoding = 4; lastKnownFileType = sourcecode.swift; path = AlbumListViewController.swift; sourceTree = "<group>"; };
		708B1FFB1A949FA100807758 /* AlbumListViewCell.swift */ = {isa = PBXFileReference; fileEncoding = 4; lastKnownFileType = sourcecode.swift; path = AlbumListViewCell.swift; sourceTree = "<group>"; };
		708B1FFD1A94A07400807758 /* ImageListViewController.swift */ = {isa = PBXFileReference; fileEncoding = 4; lastKnownFileType = sourcecode.swift; path = ImageListViewController.swift; sourceTree = "<group>"; };
		708B1FFF1A94A11C00807758 /* ImagePageViewController.swift */ = {isa = PBXFileReference; fileEncoding = 4; lastKnownFileType = sourcecode.swift; path = ImagePageViewController.swift; sourceTree = "<group>"; };
		708B20011A94A19700807758 /* ImageViewController.swift */ = {isa = PBXFileReference; fileEncoding = 4; lastKnownFileType = sourcecode.swift; path = ImageViewController.swift; sourceTree = "<group>"; };
		708B20031A94A1E900807758 /* SettingsViewController.swift */ = {isa = PBXFileReference; fileEncoding = 4; lastKnownFileType = sourcecode.swift; path = SettingsViewController.swift; sourceTree = "<group>"; };
		708B20051A94A22700807758 /* Functions.swift */ = {isa = PBXFileReference; fileEncoding = 4; lastKnownFileType = sourcecode.swift; path = Functions.swift; sourceTree = "<group>"; };
		708B20071A94A25600807758 /* UIImage+Cropping.swift */ = {isa = PBXFileReference; fileEncoding = 4; lastKnownFileType = sourcecode.swift; path = "UIImage+Cropping.swift"; sourceTree = "<group>"; };
/* End PBXFileReference section */

/* Begin PBXFrameworksBuildPhase section */
		708B1FA61A949C7700807758 /* Frameworks */ = {
			isa = PBXFrameworksBuildPhase;
			buildActionMask = 2147483647;
			files = (
			);
			runOnlyForDeploymentPostprocessing = 0;
		};
		708B1FBE1A949C7800807758 /* Frameworks */ = {
			isa = PBXFrameworksBuildPhase;
			buildActionMask = 2147483647;
			files = (
			);
			runOnlyForDeploymentPostprocessing = 0;
		};
/* End PBXFrameworksBuildPhase section */

/* Begin PBXGroup section */
		708B1FA01A949C7700807758 = {
			isa = PBXGroup;
			children = (
				708B1FAB1A949C7700807758 /* zenphoto */,
				708B1FC41A949C7800807758 /* zenphotoTests */,
				708B1FAA1A949C7700807758 /* Products */,
			);
			sourceTree = "<group>";
		};
		708B1FAA1A949C7700807758 /* Products */ = {
			isa = PBXGroup;
			children = (
				708B1FA91A949C7700807758 /* zenphoto.app */,
				708B1FC11A949C7800807758 /* zenphotoTests.xctest */,
			);
			name = Products;
			sourceTree = "<group>";
		};
		708B1FAB1A949C7700807758 /* zenphoto */ = {
			isa = PBXGroup;
			children = (
				708B1FD41A949D3E00807758 /* Alamofire.xcodeproj */,
				708B1FE31A949D4600807758 /* Haneke.xcodeproj */,
				708B1FAE1A949C7700807758 /* AppDelegate.swift */,
				708B1FB31A949C7700807758 /* ViewController.swift */,
				708B1FF91A949F3F00807758 /* AlbumListViewController.swift */,
				708B1FFB1A949FA100807758 /* AlbumListViewCell.swift */,
				708B1FFD1A94A07400807758 /* ImageListViewController.swift */,
				708B1FFF1A94A11C00807758 /* ImagePageViewController.swift */,
				708B20011A94A19700807758 /* ImageViewController.swift */,
				708B20031A94A1E900807758 /* SettingsViewController.swift */,
				708B1FB51A949C7700807758 /* Main.storyboard */,
				708B1FB81A949C7700807758 /* Images.xcassets */,
				708B1FBA1A949C7700807758 /* LaunchScreen.xib */,
				708B1FB01A949C7700807758 /* zenphoto.xcdatamodeld */,
				708B20051A94A22700807758 /* Functions.swift */,
				708B1FF01A949D5200807758 /* SwiftyJSON.swift */,
				708B20071A94A25600807758 /* UIImage+Cropping.swift */,
				708B1FAC1A949C7700807758 /* Supporting Files */,
			);
			path = zenphoto;
			sourceTree = "<group>";
		};
		708B1FAC1A949C7700807758 /* Supporting Files */ = {
			isa = PBXGroup;
			children = (
				708B1FAD1A949C7700807758 /* Info.plist */,
			);
			name = "Supporting Files";
			sourceTree = "<group>";
		};
		708B1FC41A949C7800807758 /* zenphotoTests */ = {
			isa = PBXGroup;
			children = (
				708B1FC71A949C7800807758 /* zenphotoTests.swift */,
				708B1FC51A949C7800807758 /* Supporting Files */,
			);
			path = zenphotoTests;
			sourceTree = "<group>";
		};
		708B1FC51A949C7800807758 /* Supporting Files */ = {
			isa = PBXGroup;
			children = (
				708B1FC61A949C7800807758 /* Info.plist */,
			);
			name = "Supporting Files";
			sourceTree = "<group>";
		};
		708B1FD51A949D3E00807758 /* Products */ = {
			isa = PBXGroup;
			children = (
				708B1FDC1A949D3E00807758 /* Alamofire.framework */,
				708B1FDE1A949D3E00807758 /* Alamofire.framework */,
				708B1FE01A949D3E00807758 /* Alamofire iOS Tests.xctest */,
				708B1FE21A949D3E00807758 /* Alamofire OSX Tests.xctest */,
			);
			name = Products;
			sourceTree = "<group>";
		};
		708B1FE41A949D4600807758 /* Products */ = {
			isa = PBXGroup;
			children = (
				708B1FEB1A949D4600807758 /* Haneke.framework */,
				708B1FED1A949D4600807758 /* HanekeTests.xctest */,
				708B1FEF1A949D4600807758 /* HanekeDemo.app */,
			);
			name = Products;
			sourceTree = "<group>";
		};
/* End PBXGroup section */

/* Begin PBXNativeTarget section */
		708B1FA81A949C7700807758 /* zenphoto */ = {
			isa = PBXNativeTarget;
			buildConfigurationList = 708B1FCB1A949C7800807758 /* Build configuration list for PBXNativeTarget "zenphoto" */;
			buildPhases = (
				708B1FA51A949C7700807758 /* Sources */,
				708B1FA61A949C7700807758 /* Frameworks */,
				708B1FA71A949C7700807758 /* Resources */,
				708B1FF61A949D6200807758 /* Copy Frameworks */,
			);
			buildRules = (
			);
			dependencies = (
				708B1FF31A949D5E00807758 /* PBXTargetDependency */,
				708B1FF51A949D5E00807758 /* PBXTargetDependency */,
			);
			name = zenphoto;
			productName = zenphoto;
			productReference = 708B1FA91A949C7700807758 /* zenphoto.app */;
			productType = "com.apple.product-type.application";
		};
		708B1FC01A949C7800807758 /* zenphotoTests */ = {
			isa = PBXNativeTarget;
			buildConfigurationList = 708B1FCE1A949C7800807758 /* Build configuration list for PBXNativeTarget "zenphotoTests" */;
			buildPhases = (
				708B1FBD1A949C7800807758 /* Sources */,
				708B1FBE1A949C7800807758 /* Frameworks */,
				708B1FBF1A949C7800807758 /* Resources */,
			);
			buildRules = (
			);
			dependencies = (
				708B1FC31A949C7800807758 /* PBXTargetDependency */,
			);
			name = zenphotoTests;
			productName = zenphotoTests;
			productReference = 708B1FC11A949C7800807758 /* zenphotoTests.xctest */;
			productType = "com.apple.product-type.bundle.unit-test";
		};
/* End PBXNativeTarget section */

/* Begin PBXProject section */
		708B1FA11A949C7700807758 /* Project object */ = {
			isa = PBXProject;
			attributes = {
				LastUpgradeCheck = 0610;
				ORGANIZATIONNAME = "宮本幸子";
				TargetAttributes = {
					708B1FA81A949C7700807758 = {
						CreatedOnToolsVersion = 6.1.1;
						DevelopmentTeam = JP7CKXLT25;
					};
					708B1FC01A949C7800807758 = {
						CreatedOnToolsVersion = 6.1.1;
						TestTargetID = 708B1FA81A949C7700807758;
					};
				};
			};
			buildConfigurationList = 708B1FA41A949C7700807758 /* Build configuration list for PBXProject "zenphoto" */;
			compatibilityVersion = "Xcode 3.2";
			developmentRegion = English;
			hasScannedForEncodings = 0;
			knownRegions = (
				en,
				Base,
			);
			mainGroup = 708B1FA01A949C7700807758;
			productRefGroup = 708B1FAA1A949C7700807758 /* Products */;
			projectDirPath = "";
			projectReferences = (
				{
					ProductGroup = 708B1FD51A949D3E00807758 /* Products */;
					ProjectRef = 708B1FD41A949D3E00807758 /* Alamofire.xcodeproj */;
				},
				{
					ProductGroup = 708B1FE41A949D4600807758 /* Products */;
					ProjectRef = 708B1FE31A949D4600807758 /* Haneke.xcodeproj */;
				},
			);
			projectRoot = "";
			targets = (
				708B1FA81A949C7700807758 /* zenphoto */,
				708B1FC01A949C7800807758 /* zenphotoTests */,
			);
		};
/* End PBXProject section */

/* Begin PBXReferenceProxy section */
		708B1FDC1A949D3E00807758 /* Alamofire.framework */ = {
			isa = PBXReferenceProxy;
			fileType = wrapper.framework;
			path = Alamofire.framework;
			remoteRef = 708B1FDB1A949D3E00807758 /* PBXContainerItemProxy */;
			sourceTree = BUILT_PRODUCTS_DIR;
		};
		708B1FDE1A949D3E00807758 /* Alamofire.framework */ = {
			isa = PBXReferenceProxy;
			fileType = wrapper.framework;
			path = Alamofire.framework;
			remoteRef = 708B1FDD1A949D3E00807758 /* PBXContainerItemProxy */;
			sourceTree = BUILT_PRODUCTS_DIR;
		};
		708B1FE01A949D3E00807758 /* Alamofire iOS Tests.xctest */ = {
			isa = PBXReferenceProxy;
			fileType = wrapper.cfbundle;
			path = "Alamofire iOS Tests.xctest";
			remoteRef = 708B1FDF1A949D3E00807758 /* PBXContainerItemProxy */;
			sourceTree = BUILT_PRODUCTS_DIR;
		};
		708B1FE21A949D3E00807758 /* Alamofire OSX Tests.xctest */ = {
			isa = PBXReferenceProxy;
			fileType = wrapper.cfbundle;
			path = "Alamofire OSX Tests.xctest";
			remoteRef = 708B1FE11A949D3E00807758 /* PBXContainerItemProxy */;
			sourceTree = BUILT_PRODUCTS_DIR;
		};
		708B1FEB1A949D4600807758 /* Haneke.framework */ = {
			isa = PBXReferenceProxy;
			fileType = wrapper.framework;
			path = Haneke.framework;
			remoteRef = 708B1FEA1A949D4600807758 /* PBXContainerItemProxy */;
			sourceTree = BUILT_PRODUCTS_DIR;
		};
		708B1FED1A949D4600807758 /* HanekeTests.xctest */ = {
			isa = PBXReferenceProxy;
			fileType = wrapper.cfbundle;
			path = HanekeTests.xctest;
			remoteRef = 708B1FEC1A949D4600807758 /* PBXContainerItemProxy */;
			sourceTree = BUILT_PRODUCTS_DIR;
		};
		708B1FEF1A949D4600807758 /* HanekeDemo.app */ = {
			isa = PBXReferenceProxy;
			fileType = wrapper.application;
			path = HanekeDemo.app;
			remoteRef = 708B1FEE1A949D4600807758 /* PBXContainerItemProxy */;
			sourceTree = BUILT_PRODUCTS_DIR;
		};
/* End PBXReferenceProxy section */

/* Begin PBXResourcesBuildPhase section */
		708B1FA71A949C7700807758 /* Resources */ = {
			isa = PBXResourcesBuildPhase;
			buildActionMask = 2147483647;
			files = (
				708B1FB71A949C7700807758 /* Main.storyboard in Resources */,
				708B1FBC1A949C7700807758 /* LaunchScreen.xib in Resources */,
				708B1FB91A949C7700807758 /* Images.xcassets in Resources */,
			);
			runOnlyForDeploymentPostprocessing = 0;
		};
		708B1FBF1A949C7800807758 /* Resources */ = {
			isa = PBXResourcesBuildPhase;
			buildActionMask = 2147483647;
			files = (
			);
			runOnlyForDeploymentPostprocessing = 0;
		};
/* End PBXResourcesBuildPhase section */

/* Begin PBXSourcesBuildPhase section */
		708B1FA51A949C7700807758 /* Sources */ = {
			isa = PBXSourcesBuildPhase;
			buildActionMask = 2147483647;
			files = (
				708B1FB41A949C7700807758 /* ViewController.swift in Sources */,
				708B20021A94A19700807758 /* ImageViewController.swift in Sources */,
				708B1FB21A949C7700807758 /* zenphoto.xcdatamodeld in Sources */,
				708B20041A94A1E900807758 /* SettingsViewController.swift in Sources */,
				708B20061A94A22700807758 /* Functions.swift in Sources */,
				708B1FFC1A949FA100807758 /* AlbumListViewCell.swift in Sources */,
				708B1FFE1A94A07400807758 /* ImageListViewController.swift in Sources */,
				708B1FAF1A949C7700807758 /* AppDelegate.swift in Sources */,
				708B1FF11A949D5200807758 /* SwiftyJSON.swift in Sources */,
				708B1FFA1A949F3F00807758 /* AlbumListViewController.swift in Sources */,
				708B20001A94A11C00807758 /* ImagePageViewController.swift in Sources */,
				708B20081A94A25600807758 /* UIImage+Cropping.swift in Sources */,
			);
			runOnlyForDeploymentPostprocessing = 0;
		};
		708B1FBD1A949C7800807758 /* Sources */ = {
			isa = PBXSourcesBuildPhase;
			buildActionMask = 2147483647;
			files = (
				708B1FC81A949C7800807758 /* zenphotoTests.swift in Sources */,
			);
			runOnlyForDeploymentPostprocessing = 0;
		};
/* End PBXSourcesBuildPhase section */

/* Begin PBXTargetDependency section */
		708B1FC31A949C7800807758 /* PBXTargetDependency */ = {
			isa = PBXTargetDependency;
			target = 708B1FA81A949C7700807758 /* zenphoto */;
			targetProxy = 708B1FC21A949C7800807758 /* PBXContainerItemProxy */;
		};
		708B1FF31A949D5E00807758 /* PBXTargetDependency */ = {
			isa = PBXTargetDependency;
			name = "Alamofire iOS";
			targetProxy = 708B1FF21A949D5E00807758 /* PBXContainerItemProxy */;
		};
		708B1FF51A949D5E00807758 /* PBXTargetDependency */ = {
			isa = PBXTargetDependency;
			name = Haneke;
			targetProxy = 708B1FF41A949D5E00807758 /* PBXContainerItemProxy */;
		};
/* End PBXTargetDependency section */

/* Begin PBXVariantGroup section */
		708B1FB51A949C7700807758 /* Main.storyboard */ = {
			isa = PBXVariantGroup;
			children = (
				708B1FB61A949C7700807758 /* Base */,
			);
			name = Main.storyboard;
			sourceTree = "<group>";
		};
		708B1FBA1A949C7700807758 /* LaunchScreen.xib */ = {
			isa = PBXVariantGroup;
			children = (
				708B1FBB1A949C7700807758 /* Base */,
			);
			name = LaunchScreen.xib;
			sourceTree = "<group>";
		};
/* End PBXVariantGroup section */

/* Begin XCBuildConfiguration section */
		708B1FC91A949C7800807758 /* Debug */ = {
			isa = XCBuildConfiguration;
			buildSettings = {
				ALWAYS_SEARCH_USER_PATHS = NO;
				CLANG_CXX_LANGUAGE_STANDARD = "gnu++0x";
				CLANG_CXX_LIBRARY = "libc++";
				CLANG_ENABLE_MODULES = YES;
				CLANG_ENABLE_OBJC_ARC = YES;
				CLANG_WARN_BOOL_CONVERSION = YES;
				CLANG_WARN_CONSTANT_CONVERSION = YES;
				CLANG_WARN_DIRECT_OBJC_ISA_USAGE = YES_ERROR;
				CLANG_WARN_EMPTY_BODY = YES;
				CLANG_WARN_ENUM_CONVERSION = YES;
				CLANG_WARN_INT_CONVERSION = YES;
				CLANG_WARN_OBJC_ROOT_CLASS = YES_ERROR;
				CLANG_WARN_UNREACHABLE_CODE = YES;
				CLANG_WARN__DUPLICATE_METHOD_MATCH = YES;
				"CODE_SIGN_IDENTITY[sdk=iphoneos*]" = "iPhone Developer";
				COPY_PHASE_STRIP = NO;
				ENABLE_STRICT_OBJC_MSGSEND = YES;
				GCC_C_LANGUAGE_STANDARD = gnu99;
				GCC_DYNAMIC_NO_PIC = NO;
				GCC_OPTIMIZATION_LEVEL = 0;
				GCC_PREPROCESSOR_DEFINITIONS = (
					"DEBUG=1",
					"$(inherited)",
				);
				GCC_SYMBOLS_PRIVATE_EXTERN = NO;
				GCC_WARN_64_TO_32_BIT_CONVERSION = YES;
				GCC_WARN_ABOUT_RETURN_TYPE = YES_ERROR;
				GCC_WARN_UNDECLARED_SELECTOR = YES;
				GCC_WARN_UNINITIALIZED_AUTOS = YES_AGGRESSIVE;
				GCC_WARN_UNUSED_FUNCTION = YES;
				GCC_WARN_UNUSED_VARIABLE = YES;
				IPHONEOS_DEPLOYMENT_TARGET = 8.1;
				MTL_ENABLE_DEBUG_INFO = YES;
				ONLY_ACTIVE_ARCH = YES;
				SDKROOT = iphoneos;
				SWIFT_OPTIMIZATION_LEVEL = "-Onone";
				TARGETED_DEVICE_FAMILY = "1,2";
			};
			name = Debug;
		};
		708B1FCA1A949C7800807758 /* Release */ = {
			isa = XCBuildConfiguration;
			buildSettings = {
				ALWAYS_SEARCH_USER_PATHS = NO;
				CLANG_CXX_LANGUAGE_STANDARD = "gnu++0x";
				CLANG_CXX_LIBRARY = "libc++";
				CLANG_ENABLE_MODULES = YES;
				CLANG_ENABLE_OBJC_ARC = YES;
				CLANG_WARN_BOOL_CONVERSION = YES;
				CLANG_WARN_CONSTANT_CONVERSION = YES;
				CLANG_WARN_DIRECT_OBJC_ISA_USAGE = YES_ERROR;
				CLANG_WARN_EMPTY_BODY = YES;
				CLANG_WARN_ENUM_CONVERSION = YES;
				CLANG_WARN_INT_CONVERSION = YES;
				CLANG_WARN_OBJC_ROOT_CLASS = YES_ERROR;
				CLANG_WARN_UNREACHABLE_CODE = YES;
				CLANG_WARN__DUPLICATE_METHOD_MATCH = YES;
				"CODE_SIGN_IDENTITY[sdk=iphoneos*]" = "iPhone Developer";
				COPY_PHASE_STRIP = YES;
				ENABLE_NS_ASSERTIONS = NO;
				ENABLE_STRICT_OBJC_MSGSEND = YES;
				GCC_C_LANGUAGE_STANDARD = gnu99;
				GCC_WARN_64_TO_32_BIT_CONVERSION = YES;
				GCC_WARN_ABOUT_RETURN_TYPE = YES_ERROR;
				GCC_WARN_UNDECLARED_SELECTOR = YES;
				GCC_WARN_UNINITIALIZED_AUTOS = YES_AGGRESSIVE;
				GCC_WARN_UNUSED_FUNCTION = YES;
				GCC_WARN_UNUSED_VARIABLE = YES;
				IPHONEOS_DEPLOYMENT_TARGET = 8.1;
				MTL_ENABLE_DEBUG_INFO = NO;
				SDKROOT = iphoneos;
				TARGETED_DEVICE_FAMILY = "1,2";
				VALIDATE_PRODUCT = YES;
			};
			name = Release;
		};
		708B1FCC1A949C7800807758 /* Debug */ = {
			isa = XCBuildConfiguration;
			buildSettings = {
				ASSETCATALOG_COMPILER_APPICON_NAME = AppIcon;
				ASSETCATALOG_COMPILER_LAUNCHIMAGE_NAME = LaunchImage;
				CODE_SIGN_IDENTITY = "iPhone Developer";
				INFOPLIST_FILE = zenphoto/Info.plist;
				LD_RUNPATH_SEARCH_PATHS = "$(inherited) @executable_path/Frameworks";
				PRODUCT_NAME = "$(TARGET_NAME)";
				PROVISIONING_PROFILE = "";
			};
			name = Debug;
		};
		708B1FCD1A949C7800807758 /* Release */ = {
			isa = XCBuildConfiguration;
			buildSettings = {
				ASSETCATALOG_COMPILER_APPICON_NAME = AppIcon;
				ASSETCATALOG_COMPILER_LAUNCHIMAGE_NAME = LaunchImage;
				CODE_SIGN_IDENTITY = "iPhone Developer";
				"CODE_SIGN_IDENTITY[sdk=iphoneos*]" = "iPhone Developer: Sachiko Miyamoto (7DABZWZ3B4)";
				INFOPLIST_FILE = zenphoto/Info.plist;
				LD_RUNPATH_SEARCH_PATHS = "$(inherited) @executable_path/Frameworks";
				PRODUCT_NAME = "$(TARGET_NAME)";
				PROVISIONING_PROFILE = "c4989017-f45e-406a-ae3d-22f3470ebb50";
			};
			name = Release;
		};
		708B1FCF1A949C7800807758 /* Debug */ = {
			isa = XCBuildConfiguration;
			buildSettings = {
				BUNDLE_LOADER = "$(TEST_HOST)";
				FRAMEWORK_SEARCH_PATHS = (
					"$(SDKROOT)/Developer/Library/Frameworks",
					"$(inherited)",
				);
				GCC_PREPROCESSOR_DEFINITIONS = (
					"DEBUG=1",
					"$(inherited)",
				);
				INFOPLIST_FILE = zenphotoTests/Info.plist;
				LD_RUNPATH_SEARCH_PATHS = "$(inherited) @executable_path/Frameworks @loader_path/Frameworks";
				PRODUCT_NAME = "$(TARGET_NAME)";
				TEST_HOST = "$(BUILT_PRODUCTS_DIR)/zenphoto.app/zenphoto";
			};
			name = Debug;
		};
		708B1FD01A949C7800807758 /* Release */ = {
			isa = XCBuildConfiguration;
			buildSettings = {
				BUNDLE_LOADER = "$(TEST_HOST)";
				FRAMEWORK_SEARCH_PATHS = (
					"$(SDKROOT)/Developer/Library/Frameworks",
					"$(inherited)",
				);
				INFOPLIST_FILE = zenphotoTests/Info.plist;
				LD_RUNPATH_SEARCH_PATHS = "$(inherited) @executable_path/Frameworks @loader_path/Frameworks";
				PRODUCT_NAME = "$(TARGET_NAME)";
				TEST_HOST = "$(BUILT_PRODUCTS_DIR)/zenphoto.app/zenphoto";
			};
			name = Release;
		};
/* End XCBuildConfiguration section */

/* Begin XCConfigurationList section */
		708B1FA41A949C7700807758 /* Build configuration list for PBXProject "zenphoto" */ = {
			isa = XCConfigurationList;
			buildConfigurations = (
				708B1FC91A949C7800807758 /* Debug */,
				708B1FCA1A949C7800807758 /* Release */,
			);
			defaultConfigurationIsVisible = 0;
			defaultConfigurationName = Release;
		};
		708B1FCB1A949C7800807758 /* Build configuration list for PBXNativeTarget "zenphoto" */ = {
			isa = XCConfigurationList;
			buildConfigurations = (
				708B1FCC1A949C7800807758 /* Debug */,
				708B1FCD1A949C7800807758 /* Release */,
			);
			defaultConfigurationIsVisible = 0;
			defaultConfigurationName = Release;
		};
		708B1FCE1A949C7800807758 /* Build configuration list for PBXNativeTarget "zenphotoTests" */ = {
			isa = XCConfigurationList;
			buildConfigurations = (
				708B1FCF1A949C7800807758 /* Debug */,
				708B1FD01A949C7800807758 /* Release */,
			);
			defaultConfigurationIsVisible = 0;
			defaultConfigurationName = Release;
		};
/* End XCConfigurationList section */

/* Begin XCVersionGroup section */
		708B1FB01A949C7700807758 /* zenphoto.xcdatamodeld */ = {
			isa = XCVersionGroup;
			children = (
				708B1FB11A949C7700807758 /* zenphoto.xcdatamodel */,
			);
			currentVersion = 708B1FB11A949C7700807758 /* zenphoto.xcdatamodel */;
			path = zenphoto.xcdatamodeld;
			sourceTree = "<group>";
			versionGroupType = wrapper.xcdatamodel;
		};
/* End XCVersionGroup section */
	};
	rootObject = 708B1FA11A949C7700807758 /* Project object */;
}
